{
  "requires": true,
  "lockfileVersion": 1,
  "dependencies": {
    "immer": {
      "version": "8.0.1",
      "resolved": "https://registry.npmjs.org/immer/-/immer-8.0.1.tgz",
      "integrity": "sha512-aqXhGP7//Gui2+UrEtvxZxSquQVXTpZ7KDxfCcKAF3Vysvw0CViVaW9RZ1j1xlIYqaaaipBoqdqeibkc18PNvA=="
    },
    "lodash": {
      "version": "4.17.21",
      "resolved": "https://registry.npmjs.org/lodash/-/lodash-4.17.21.tgz",
      "integrity": "sha512-v2kDEe57lecTulaDIuNTPy3Ry4gLGJ6Z1O3vE1krgXZNrsQ+LFTGHVxVjcXPs17LhbZVGedAJv8XZ1tvj5FvSg=="
    },
    "reduce-reducers": {
      "version": "1.0.4",
      "resolved": "https://registry.npmjs.org/reduce-reducers/-/reduce-reducers-1.0.4.tgz",
      "integrity": "sha512-Mb2WZ2bJF597exiqX7owBzrqJ74DHLK3yOQjCyPAaNifRncE8OD0wFIuoMhXxTnHK07+8zZ2SJEKy/qtiyR7vw=="
    },
    "redux-firestore": {
      "version": "0.15.0",
      "resolved": "https://registry.npmjs.org/redux-firestore/-/redux-firestore-0.15.0.tgz",
      "integrity": "sha512-t93CL6UIoycpg/zIQy7ZkZkvX0IUjlOLG9xtCrcStydoNijzv8rAMzEJmLxHh1RKzsQ8RBH4G556/zlxR1dXcA==",
      "requires": {
        "immer": "8.0.1",
        "lodash": "^4.17.20",
        "reduce-reducers": "^1.0.4"
      }
    }
  }
}
